
Microsoft Visual Studio Solution File, Format Version 12.00
# Visual Studio Version 16
VisualStudioVersion = 16.0.29215.179
MinimumVisualStudioVersion = 10.0.40219.1
Project("{8BC9CEB8-8B4A-11D0-8D11-00A0C91BC942}") = "iAlgorithm", "iAlgorithm\iAlgorithm.vcxproj", "{131B2C47-4EC2-47CE-A0F9-CF2F9571057D}"
EndProject
Global
	GlobalSection(SolutionConfigurationPlatforms) = preSolution
		Debug|x64 = Debug|x64
		Debug|x86 = Debug|x86
		Release|x64 = Release|x64
		Release|x86 = Release|x86
	EndGlobalSection
	GlobalSection(ProjectConfigurationPlatforms) = postSolution
		{131B2C47-4EC2-47CE-A0F9-CF2F9571057D}.Debug|x64.ActiveCfg = Debug|x64
		{131B2C47-4EC2-47CE-A0F9-CF2F9571057D}.Debug|x64.Build.0 = Debug|x64
		{131B2C47-4EC2-47CE-A0F9-CF2F9571057D}.Debug|x86.ActiveCfg = Debug|Win32
		{131B2C47-4EC2-47CE-A0F9-CF2F9571057D}.Debug|x86.Build.0 = Debug|Win32
		{131B2C47-4EC2-47CE-A0F9-CF2F9571057D}.Release|x64.ActiveCfg = Release|x64
		{131B2C47-4EC2-47CE-A0F9-CF2F9571057D}.Release|x64.Build.0 = Release|x64
		{131B2C47-4EC2-47CE-A0F9-CF2F9571057D}.Release|x86.ActiveCfg = Release|Win32
		{131B2C47-4EC2-47CE-A0F9-CF2F9571057D}.Release|x86.Build.0 = Release|Win32
	EndGlobalSection
	GlobalSection(SolutionProperties) = preSolution
		HideSolutionNode = FALSE
	EndGlobalSection
	GlobalSection(ExtensibilityGlobals) = postSolution
		SolutionGuid = {17B99960-A8CA-47FF-8FCF-8230FC14D87A}
	EndGlobalSection
EndGlobal
